// !$*UTF8*$!
{
	archiveVersion = 1;
	classes = {
	};
	objectVersion = 46;
	objects = {

/* Begin PBXBuildFile section */
		0D0460BE1290650F000A2398 /* RootViewController_iPad.m in Sources */ = {isa = PBXBuildFile; fileRef = 0D0460BD1290650F000A2398 /* RootViewController_iPad.m */; };
		0D0460C112906537000A2398 /* RootViewController_iPhone.m in Sources */ = {isa = PBXBuildFile; fileRef = 0D0460C012906537000A2398 /* RootViewController_iPhone.m */; };
		0D0A4101128F782D00423985 /* UIKit.framework in Frameworks */ = {isa = PBXBuildFile; fileRef = 0D0A4100128F782D00423985 /* UIKit.framework */; };
		0D0A4103128F782D00423985 /* Foundation.framework in Frameworks */ = {isa = PBXBuildFile; fileRef = 0D0A4102128F782D00423985 /* Foundation.framework */; };
		0D0A4105128F782D00423985 /* CoreGraphics.framework in Frameworks */ = {isa = PBXBuildFile; fileRef = 0D0A4104128F782D00423985 /* CoreGraphics.framework */; };
		0D0A4107128F782D00423985 /* CoreData.framework in Frameworks */ = {isa = PBXBuildFile; fileRef = 0D0A4106128F782D00423985 /* CoreData.framework */; };
		0D0A410C128F782D00423985 /* InfoPlist.strings in Resources */ = {isa = PBXBuildFile; fileRef = 0D0A410A128F782D00423985 /* InfoPlist.strings */; };
		0D0A410E128F782D00423985 /* www-main.m in Sources */ = {isa = PBXBuildFile; fileRef = 0D0A410D128F782D00423985 /* www-main.m */; };
		0D0A4111128F782D00423985 /* wwwAppDelegate.m in Sources */ = {isa = PBXBuildFile; fileRef = 0D0A4110128F782D00423985 /* wwwAppDelegate.m */; };
		0D0A4114128F782D00423985 /* www.xcdatamodel in Sources */ = {isa = PBXBuildFile; fileRef = 0D0A4113128F782D00423985 /* www.xcdatamodel */; };
		0D0A411D128F782D00423985 /* wwwAppDelegate_iPhone.m in Sources */ = {isa = PBXBuildFile; fileRef = 0D0A411C128F782D00423985 /* wwwAppDelegate_iPhone.m */; };
		0D0A4120128F782D00423985 /* wwwAppDelegate_iPad.m in Sources */ = {isa = PBXBuildFile; fileRef = 0D0A411F128F782D00423985 /* wwwAppDelegate_iPad.m */; };
		0D0A4128128F782D00423985 /* UIKit.framework in Frameworks */ = {isa = PBXBuildFile; fileRef = 0D0A4100128F782D00423985 /* UIKit.framework */; };
		0D0A4129128F782D00423985 /* Foundation.framework in Frameworks */ = {isa = PBXBuildFile; fileRef = 0D0A4102128F782D00423985 /* Foundation.framework */; };
		0D0A412A128F782D00423985 /* CoreGraphics.framework in Frameworks */ = {isa = PBXBuildFile; fileRef = 0D0A4104128F782D00423985 /* CoreGraphics.framework */; };
		0D0A412E128F782D00423985 /* InfoPlist.strings in Resources */ = {isa = PBXBuildFile; fileRef = 0D0A412D128F782D00423985 /* InfoPlist.strings */; };
		0D0A4130128F782D00423985 /* wwwTests.h in Resources */ = {isa = PBXBuildFile; fileRef = 0D0A412F128F782D00423985 /* wwwTests.h */; };
		0D0A4132128F782D00423985 /* wwwTests.m in Sources */ = {isa = PBXBuildFile; fileRef = 0D0A4131128F782D00423985 /* wwwTests.m */; };
		0D6A08BC1292246400C63295 /* FBDialog.bundle in Resources */ = {isa = PBXBuildFile; fileRef = 0D6A08A41292246400C63295 /* FBDialog.bundle */; };
		0D6A08BD1292246400C63295 /* NSObject+SBJSON.m in Sources */ = {isa = PBXBuildFile; fileRef = 0D6A08B11292246400C63295 /* NSObject+SBJSON.m */; };
		0D6A08BE1292246400C63295 /* NSString+SBJSON.m in Sources */ = {isa = PBXBuildFile; fileRef = 0D6A08B31292246400C63295 /* NSString+SBJSON.m */; };
		0D6A08BF1292246400C63295 /* SBJSON.m in Sources */ = {isa = PBXBuildFile; fileRef = 0D6A08B51292246400C63295 /* SBJSON.m */; };
		0D6A08C01292246400C63295 /* SBJsonBase.m in Sources */ = {isa = PBXBuildFile; fileRef = 0D6A08B71292246400C63295 /* SBJsonBase.m */; };
		0D6A08C11292246400C63295 /* SBJsonParser.m in Sources */ = {isa = PBXBuildFile; fileRef = 0D6A08B91292246400C63295 /* SBJsonParser.m */; };
		0D6A08C21292246400C63295 /* SBJsonWriter.m in Sources */ = {isa = PBXBuildFile; fileRef = 0D6A08BB1292246400C63295 /* SBJsonWriter.m */; };
		0D6A08C31292246400C63295 /* FBRequest.m in Sources */ = {isa = PBXBuildFile; fileRef = 0D6A08A81292246400C63295 /* FBRequest.m */; };
		0D6A08C41292246400C63295 /* Facebook.m in Sources */ = {isa = PBXBuildFile; fileRef = 0D6A08AA1292246400C63295 /* Facebook.m */; };
		0D6A08C51292246400C63295 /* FBLoginDialog.m in Sources */ = {isa = PBXBuildFile; fileRef = 0D6A08AC1292246400C63295 /* FBLoginDialog.m */; };
		0D6A08C61292246400C63295 /* FBDialog.m in Sources */ = {isa = PBXBuildFile; fileRef = 0D6A08AE1292246400C63295 /* FBDialog.m */; };
		0DA5A5E71290807B00372527 /* MapKit.framework in Frameworks */ = {isa = PBXBuildFile; fileRef = 0DA5A5E61290807B00372527 /* MapKit.framework */; };
		0DF0E02B1290E0D800294B92 /* MediaPlayer.framework in Frameworks */ = {isa = PBXBuildFile; fileRef = 0DF0E02A1290E0D800294B92 /* MediaPlayer.framework */; };
/* End PBXBuildFile section */

/* Begin PBXFileReference section */
		0D0460BC1290650F000A2398 /* RootViewController_iPad.h */ = {isa = PBXFileReference; fileEncoding = 4; lastKnownFileType = sourcecode.c.h; path = RootViewController_iPad.h; sourceTree = "<group>"; };
		0D0460BD1290650F000A2398 /* RootViewController_iPad.m */ = {isa = PBXFileReference; fileEncoding = 4; lastKnownFileType = sourcecode.c.objc; path = RootViewController_iPad.m; sourceTree = "<group>"; };
		0D0460BF12906537000A2398 /* RootViewController_iPhone.h */ = {isa = PBXFileReference; fileEncoding = 4; lastKnownFileType = sourcecode.c.h; path = RootViewController_iPhone.h; sourceTree = "<group>"; };
		0D0460C012906537000A2398 /* RootViewController_iPhone.m */ = {isa = PBXFileReference; fileEncoding = 4; lastKnownFileType = sourcecode.c.objc; path = RootViewController_iPhone.m; sourceTree = "<group>"; };
		0D0A40FD128F782D00423985 /* www.app */ = {isa = PBXFileReference; explicitFileType = wrapper.application; includeInIndex = 0; path = www.app; sourceTree = BUILT_PRODUCTS_DIR; };
		0D0A4100128F782D00423985 /* UIKit.framework */ = {isa = PBXFileReference; lastKnownFileType = wrapper.framework; name = UIKit.framework; path = System/Library/Frameworks/UIKit.framework; sourceTree = SDKROOT; };
		0D0A4102128F782D00423985 /* Foundation.framework */ = {isa = PBXFileReference; lastKnownFileType = wrapper.framework; name = Foundation.framework; path = System/Library/Frameworks/Foundation.framework; sourceTree = SDKROOT; };
		0D0A4104128F782D00423985 /* CoreGraphics.framework */ = {isa = PBXFileReference; lastKnownFileType = wrapper.framework; name = CoreGraphics.framework; path = System/Library/Frameworks/CoreGraphics.framework; sourceTree = SDKROOT; };
		0D0A4106128F782D00423985 /* CoreData.framework */ = {isa = PBXFileReference; lastKnownFileType = wrapper.framework; name = CoreData.framework; path = System/Library/Frameworks/CoreData.framework; sourceTree = SDKROOT; };
		0D0A4108128F782D00423985 /* www-Info.plist */ = {isa = PBXFileReference; lastKnownFileType = text.plist.xml; path = "www-Info.plist"; sourceTree = "<group>"; };
		0D0A4109128F782D00423985 /* www-Prefix.pch */ = {isa = PBXFileReference; lastKnownFileType = sourcecode.c.h; path = "www-Prefix.pch"; sourceTree = "<group>"; };
		0D0A410B128F782D00423985 /* en */ = {isa = PBXFileReference; lastKnownFileType = text.plist.strings; name = en; path = en.lproj/InfoPlist.strings; sourceTree = "<group>"; };
		0D0A410D128F782D00423985 /* www-main.m */ = {isa = PBXFileReference; lastKnownFileType = sourcecode.c.objc; path = "www-main.m"; sourceTree = "<group>"; };
		0D0A410F128F782D00423985 /* wwwAppDelegate.h */ = {isa = PBXFileReference; lastKnownFileType = sourcecode.c.h; path = wwwAppDelegate.h; sourceTree = "<group>"; };
		0D0A4110128F782D00423985 /* wwwAppDelegate.m */ = {isa = PBXFileReference; lastKnownFileType = sourcecode.c.objc; path = wwwAppDelegate.m; sourceTree = "<group>"; };
		0D0A4113128F782D00423985 /* www.xcdatamodel */ = {isa = PBXFileReference; lastKnownFileType = wrapper.xcdatamodel; path = www.xcdatamodel; sourceTree = "<group>"; };
		0D0A411B128F782D00423985 /* wwwAppDelegate_iPhone.h */ = {isa = PBXFileReference; lastKnownFileType = sourcecode.c.h; path = wwwAppDelegate_iPhone.h; sourceTree = "<group>"; };
		0D0A411C128F782D00423985 /* wwwAppDelegate_iPhone.m */ = {isa = PBXFileReference; lastKnownFileType = sourcecode.c.objc; path = wwwAppDelegate_iPhone.m; sourceTree = "<group>"; };
		0D0A411E128F782D00423985 /* wwwAppDelegate_iPad.h */ = {isa = PBXFileReference; lastKnownFileType = sourcecode.c.h; path = wwwAppDelegate_iPad.h; sourceTree = "<group>"; };
		0D0A411F128F782D00423985 /* wwwAppDelegate_iPad.m */ = {isa = PBXFileReference; lastKnownFileType = sourcecode.c.objc; path = wwwAppDelegate_iPad.m; sourceTree = "<group>"; };
		0D0A4127128F782D00423985 /* wwwTests.octest */ = {isa = PBXFileReference; explicitFileType = wrapper.cfbundle; includeInIndex = 0; path = wwwTests.octest; sourceTree = BUILT_PRODUCTS_DIR; };
		0D0A412B128F782D00423985 /* wwwTests-Info.plist */ = {isa = PBXFileReference; lastKnownFileType = text.plist.xml; path = "wwwTests-Info.plist"; sourceTree = "<group>"; };
		0D0A412C128F782D00423985 /* wwwTests-Prefix.pch */ = {isa = PBXFileReference; lastKnownFileType = sourcecode.c.h; path = "wwwTests-Prefix.pch"; sourceTree = "<group>"; };
		0D0A412D128F782D00423985 /* InfoPlist.strings */ = {isa = PBXFileReference; lastKnownFileType = text.plist.strings; name = InfoPlist.strings; path = en.lproj/wwwTests/InfoPlist.strings; sourceTree = "<group>"; };
		0D0A412F128F782D00423985 /* wwwTests.h */ = {isa = PBXFileReference; lastKnownFileType = sourcecode.c.h; path = wwwTests.h; sourceTree = "<group>"; };
		0D0A4131128F782D00423985 /* wwwTests.m */ = {isa = PBXFileReference; lastKnownFileType = sourcecode.c.objc; path = wwwTests.m; sourceTree = "<group>"; };
		0D6A08A41292246400C63295 /* FBDialog.bundle */ = {isa = PBXFileReference; lastKnownFileType = "wrapper.plug-in"; name = FBDialog.bundle; path = "/Users/juan/Documents/iPhone/facebook-ios-sdk/sample/DemoApp/../../src/FBDialog.bundle"; sourceTree = "<absolute>"; };
		0D6A08A61292246400C63295 /* FBConnect.h */ = {isa = PBXFileReference; fileEncoding = 4; lastKnownFileType = sourcecode.c.h; name = FBConnect.h; path = "/Users/juan/Documents/iPhone/facebook-ios-sdk/sample/DemoApp/../../src/FBConnect.h"; sourceTree = "<absolute>"; };
		0D6A08A71292246400C63295 /* FBRequest.h */ = {isa = PBXFileReference; fileEncoding = 4; lastKnownFileType = sourcecode.c.h; name = FBRequest.h; path = "/Users/juan/Documents/iPhone/facebook-ios-sdk/sample/DemoApp/../../src/FBRequest.h"; sourceTree = "<absolute>"; };
		0D6A08A81292246400C63295 /* FBRequest.m */ = {isa = PBXFileReference; fileEncoding = 4; lastKnownFileType = sourcecode.c.objc; name = FBRequest.m; path = "/Users/juan/Documents/iPhone/facebook-ios-sdk/sample/DemoApp/../../src/FBRequest.m"; sourceTree = "<absolute>"; };
		0D6A08A91292246400C63295 /* Facebook.h */ = {isa = PBXFileReference; fileEncoding = 4; lastKnownFileType = sourcecode.c.h; name = Facebook.h; path = "/Users/juan/Documents/iPhone/facebook-ios-sdk/sample/DemoApp/../../src/Facebook.h"; sourceTree = "<absolute>"; };
		0D6A08AA1292246400C63295 /* Facebook.m */ = {isa = PBXFileReference; fileEncoding = 4; lastKnownFileType = sourcecode.c.objc; name = Facebook.m; path = "/Users/juan/Documents/iPhone/facebook-ios-sdk/sample/DemoApp/../../src/Facebook.m"; sourceTree = "<absolute>"; };
		0D6A08AB1292246400C63295 /* FBLoginDialog.h */ = {isa = PBXFileReference; fileEncoding = 4; lastKnownFileType = sourcecode.c.h; name = FBLoginDialog.h; path = "/Users/juan/Documents/iPhone/facebook-ios-sdk/sample/DemoApp/../../src/FBLoginDialog.h"; sourceTree = "<absolute>"; };
		0D6A08AC1292246400C63295 /* FBLoginDialog.m */ = {isa = PBXFileReference; fileEncoding = 4; lastKnownFileType = sourcecode.c.objc; name = FBLoginDialog.m; path = "/Users/juan/Documents/iPhone/facebook-ios-sdk/sample/DemoApp/../../src/FBLoginDialog.m"; sourceTree = "<absolute>"; };
		0D6A08AD1292246400C63295 /* FBDialog.h */ = {isa = PBXFileReference; fileEncoding = 4; lastKnownFileType = sourcecode.c.h; name = FBDialog.h; path = "/Users/juan/Documents/iPhone/facebook-ios-sdk/sample/DemoApp/../../src/FBDialog.h"; sourceTree = "<absolute>"; };
		0D6A08AE1292246400C63295 /* FBDialog.m */ = {isa = PBXFileReference; fileEncoding = 4; lastKnownFileType = sourcecode.c.objc; name = FBDialog.m; path = "/Users/juan/Documents/iPhone/facebook-ios-sdk/sample/DemoApp/../../src/FBDialog.m"; sourceTree = "<absolute>"; };
		0D6A08AF1292246400C63295 /* JSON.h */ = {isa = PBXFileReference; fileEncoding = 4; lastKnownFileType = sourcecode.c.h; path = JSON.h; sourceTree = "<group>"; };
		0D6A08B01292246400C63295 /* NSObject+SBJSON.h */ = {isa = PBXFileReference; fileEncoding = 4; lastKnownFileType = sourcecode.c.h; path = "NSObject+SBJSON.h"; sourceTree = "<group>"; };
		0D6A08B11292246400C63295 /* NSObject+SBJSON.m */ = {isa = PBXFileReference; fileEncoding = 4; lastKnownFileType = sourcecode.c.objc; path = "NSObject+SBJSON.m"; sourceTree = "<group>"; };
		0D6A08B21292246400C63295 /* NSString+SBJSON.h */ = {isa = PBXFileReference; fileEncoding = 4; lastKnownFileType = sourcecode.c.h; path = "NSString+SBJSON.h"; sourceTree = "<group>"; };
		0D6A08B31292246400C63295 /* NSString+SBJSON.m */ = {isa = PBXFileReference; fileEncoding = 4; lastKnownFileType = sourcecode.c.objc; path = "NSString+SBJSON.m"; sourceTree = "<group>"; };
		0D6A08B41292246400C63295 /* SBJSON.h */ = {isa = PBXFileReference; fileEncoding = 4; lastKnownFileType = sourcecode.c.h; path = SBJSON.h; sourceTree = "<group>"; };
		0D6A08B51292246400C63295 /* SBJSON.m */ = {isa = PBXFileReference; fileEncoding = 4; lastKnownFileType = sourcecode.c.objc; path = SBJSON.m; sourceTree = "<group>"; };
		0D6A08B61292246400C63295 /* SBJsonBase.h */ = {isa = PBXFileReference; fileEncoding = 4; lastKnownFileType = sourcecode.c.h; path = SBJsonBase.h; sourceTree = "<group>"; };
		0D6A08B71292246400C63295 /* SBJsonBase.m */ = {isa = PBXFileReference; fileEncoding = 4; lastKnownFileType = sourcecode.c.objc; path = SBJsonBase.m; sourceTree = "<group>"; };
		0D6A08B81292246400C63295 /* SBJsonParser.h */ = {isa = PBXFileReference; fileEncoding = 4; lastKnownFileType = sourcecode.c.h; path = SBJsonParser.h; sourceTree = "<group>"; };
		0D6A08B91292246400C63295 /* SBJsonParser.m */ = {isa = PBXFileReference; fileEncoding = 4; lastKnownFileType = sourcecode.c.objc; path = SBJsonParser.m; sourceTree = "<group>"; };
		0D6A08BA1292246400C63295 /* SBJsonWriter.h */ = {isa = PBXFileReference; fileEncoding = 4; lastKnownFileType = sourcecode.c.h; path = SBJsonWriter.h; sourceTree = "<group>"; };
		0D6A08BB1292246400C63295 /* SBJsonWriter.m */ = {isa = PBXFileReference; fileEncoding = 4; lastKnownFileType = sourcecode.c.objc; path = SBJsonWriter.m; sourceTree = "<group>"; };
		0DA5A5E61290807B00372527 /* MapKit.framework */ = {isa = PBXFileReference; lastKnownFileType = wrapper.framework; name = MapKit.framework; path = System/Library/Frameworks/MapKit.framework; sourceTree = SDKROOT; };
		0DF0E02A1290E0D800294B92 /* MediaPlayer.framework */ = {isa = PBXFileReference; lastKnownFileType = wrapper.framework; name = MediaPlayer.framework; path = System/Library/Frameworks/MediaPlayer.framework; sourceTree = SDKROOT; };
/* End PBXFileReference section */

/* Begin PBXFrameworksBuildPhase section */
		0D0A40FA128F782D00423985 /* Frameworks */ = {
			isa = PBXFrameworksBuildPhase;
			buildActionMask = 2147483647;
			files = (
				0D0A4101128F782D00423985 /* UIKit.framework in Frameworks */,
				0D0A4103128F782D00423985 /* Foundation.framework in Frameworks */,
				0D0A4105128F782D00423985 /* CoreGraphics.framework in Frameworks */,
				0D0A4107128F782D00423985 /* CoreData.framework in Frameworks */,
				0DA5A5E71290807B00372527 /* MapKit.framework in Frameworks */,
				0DF0E02B1290E0D800294B92 /* MediaPlayer.framework in Frameworks */,
			);
			runOnlyForDeploymentPostprocessing = 0;
		};
		0D0A4123128F782D00423985 /* Frameworks */ = {
			isa = PBXFrameworksBuildPhase;
			buildActionMask = 2147483647;
			files = (
				0D0A4128128F782D00423985 /* UIKit.framework in Frameworks */,
				0D0A4129128F782D00423985 /* Foundation.framework in Frameworks */,
				0D0A412A128F782D00423985 /* CoreGraphics.framework in Frameworks */,
			);
			runOnlyForDeploymentPostprocessing = 0;
		};
/* End PBXFrameworksBuildPhase section */

/* Begin PBXGroup section */
		0D0A40EC128F782C00423985 = {
			isa = PBXGroup;
			children = (
				0D6A08A31292246400C63295 /* FBConnect */,
				0D0A40F3128F782D00423985 /* iPhone */,
				0D0A40F4128F782D00423985 /* iPad */,
				0D0A40F5128F782D00423985 /* Classes */,
				0D0A40F6128F782D00423985 /* Other Sources */,
				0D0A40F7128F782D00423985 /* Resources */,
				0D0A40F8128F782D00423985 /* Frameworks */,
				0D0A40FE128F782D00423985 /* Products */,
				0D0A4112128F782D00423985 /* Models */,
				0D0A4121128F782D00423985 /* Tests */,
			);
			sourceTree = "<group>";
		};
		0D0A40F3128F782D00423985 /* iPhone */ = {
			isa = PBXGroup;
			children = (
				0D0A411B128F782D00423985 /* wwwAppDelegate_iPhone.h */,
				0D0A411C128F782D00423985 /* wwwAppDelegate_iPhone.m */,
				0D0460BF12906537000A2398 /* RootViewController_iPhone.h */,
				0D0460C012906537000A2398 /* RootViewController_iPhone.m */,
			);
			path = iPhone;
			sourceTree = "<group>";
		};
		0D0A40F4128F782D00423985 /* iPad */ = {
			isa = PBXGroup;
			children = (
				0D0A411E128F782D00423985 /* wwwAppDelegate_iPad.h */,
				0D0A411F128F782D00423985 /* wwwAppDelegate_iPad.m */,
				0D0460BC1290650F000A2398 /* RootViewController_iPad.h */,
				0D0460BD1290650F000A2398 /* RootViewController_iPad.m */,
			);
			path = iPad;
			sourceTree = "<group>";
		};
		0D0A40F5128F782D00423985 /* Classes */ = {
			isa = PBXGroup;
			children = (
				0D0A410F128F782D00423985 /* wwwAppDelegate.h */,
				0D0A4110128F782D00423985 /* wwwAppDelegate.m */,
			);
			path = Classes;
			sourceTree = "<group>";
		};
		0D0A40F6128F782D00423985 /* Other Sources */ = {
			isa = PBXGroup;
			children = (
				0D0A4109128F782D00423985 /* www-Prefix.pch */,
				0D0A410D128F782D00423985 /* www-main.m */,
				0D0A412C128F782D00423985 /* wwwTests-Prefix.pch */,
			);
			name = "Other Sources";
			sourceTree = "<group>";
		};
		0D0A40F7128F782D00423985 /* Resources */ = {
			isa = PBXGroup;
			children = (
				0D0A4108128F782D00423985 /* www-Info.plist */,
				0D0A410A128F782D00423985 /* InfoPlist.strings */,
				0D0A412B128F782D00423985 /* wwwTests-Info.plist */,
				0D0A412D128F782D00423985 /* InfoPlist.strings */,
			);
			name = Resources;
			sourceTree = "<group>";
		};
		0D0A40F8128F782D00423985 /* Frameworks */ = {
			isa = PBXGroup;
			children = (
				0DF0E02A1290E0D800294B92 /* MediaPlayer.framework */,
				0DA5A5E61290807B00372527 /* MapKit.framework */,
				0D0A4100128F782D00423985 /* UIKit.framework */,
				0D0A4102128F782D00423985 /* Foundation.framework */,
				0D0A4104128F782D00423985 /* CoreGraphics.framework */,
				0D0A4106128F782D00423985 /* CoreData.framework */,
			);
			name = Frameworks;
			sourceTree = "<group>";
		};
		0D0A40FE128F782D00423985 /* Products */ = {
			isa = PBXGroup;
			children = (
				0D0A40FD128F782D00423985 /* www.app */,
				0D0A4127128F782D00423985 /* wwwTests.octest */,
			);
			name = Products;
			sourceTree = "<group>";
		};
		0D0A4112128F782D00423985 /* Models */ = {
			isa = PBXGroup;
			children = (
				0D0A4113128F782D00423985 /* www.xcdatamodel */,
			);
			name = Models;
			sourceTree = "<group>";
		};
		0D0A4121128F782D00423985 /* Tests */ = {
			isa = PBXGroup;
			children = (
				0D0A412F128F782D00423985 /* wwwTests.h */,
				0D0A4131128F782D00423985 /* wwwTests.m */,
			);
			path = Tests;
			sourceTree = "<group>";
		};
		0D6A08A31292246400C63295 /* FBConnect */ = {
			isa = PBXGroup;
			children = (
				0D6A08A41292246400C63295 /* FBDialog.bundle */,
				0D6A08A51292246400C63295 /* JSON */,
				0D6A08A61292246400C63295 /* FBConnect.h */,
				0D6A08A71292246400C63295 /* FBRequest.h */,
				0D6A08A81292246400C63295 /* FBRequest.m */,
				0D6A08A91292246400C63295 /* Facebook.h */,
				0D6A08AA1292246400C63295 /* Facebook.m */,
				0D6A08AB1292246400C63295 /* FBLoginDialog.h */,
				0D6A08AC1292246400C63295 /* FBLoginDialog.m */,
				0D6A08AD1292246400C63295 /* FBDialog.h */,
				0D6A08AE1292246400C63295 /* FBDialog.m */,
			);
			name = FBConnect;
			path = "../facebook-ios-sdk/sample/DemoApp";
			sourceTree = "<group>";
		};
		0D6A08A51292246400C63295 /* JSON */ = {
			isa = PBXGroup;
			children = (
				0D6A08AF1292246400C63295 /* JSON.h */,
				0D6A08B01292246400C63295 /* NSObject+SBJSON.h */,
				0D6A08B11292246400C63295 /* NSObject+SBJSON.m */,
				0D6A08B21292246400C63295 /* NSString+SBJSON.h */,
				0D6A08B31292246400C63295 /* NSString+SBJSON.m */,
				0D6A08B41292246400C63295 /* SBJSON.h */,
				0D6A08B51292246400C63295 /* SBJSON.m */,
				0D6A08B61292246400C63295 /* SBJsonBase.h */,
				0D6A08B71292246400C63295 /* SBJsonBase.m */,
				0D6A08B81292246400C63295 /* SBJsonParser.h */,
				0D6A08B91292246400C63295 /* SBJsonParser.m */,
				0D6A08BA1292246400C63295 /* SBJsonWriter.h */,
				0D6A08BB1292246400C63295 /* SBJsonWriter.m */,
			);
			name = JSON;
			path = "/Users/juan/Documents/iPhone/facebook-ios-sdk/sample/DemoApp/../../src/JSON";
			sourceTree = "<absolute>";
		};
/* End PBXGroup section */

/* Begin PBXNativeTarget section */
		0D0A40FC128F782D00423985 /* www */ = {
			isa = PBXNativeTarget;
			buildConfigurationList = 0D0A4137128F782D00423985 /* Build configuration list for PBXNativeTarget "www" */;
			buildPhases = (
				0D0A40F9128F782D00423985 /* Sources */,
				0D0A40FA128F782D00423985 /* Frameworks */,
				0D0A40FB128F782D00423985 /* Resources */,
			);
			buildRules = (
			);
			dependencies = (
			);
			name = www;
			productName = www;
			productReference = 0D0A40FD128F782D00423985 /* www.app */;
			productType = "com.apple.product-type.application";
		};
		0D0A4126128F782D00423985 /* wwwTests */ = {
			isa = PBXNativeTarget;
			buildConfigurationList = 0D0A413A128F782D00423985 /* Build configuration list for PBXNativeTarget "wwwTests" */;
			buildPhases = (
				0D0A4122128F782D00423985 /* Sources */,
				0D0A4123128F782D00423985 /* Frameworks */,
				0D0A4124128F782D00423985 /* Resources */,
				0D0A4125128F782D00423985 /* ShellScript */,
			);
			buildRules = (
			);
			dependencies = (
			);
			name = wwwTests;
			productName = wwwTests;
			productReference = 0D0A4127128F782D00423985 /* wwwTests.octest */;
			productType = "com.apple.product-type.bundle";
		};
/* End PBXNativeTarget section */

/* Begin PBXProject section */
		0D0A40EE128F782C00423985 /* Project object */ = {
			isa = PBXProject;
			buildConfigurationList = 0D0A40F1128F782C00423985 /* Build configuration list for PBXProject "www" */;
			compatibilityVersion = "Xcode 3.2";
			developmentRegion = English;
			hasScannedForEncodings = 0;
			knownRegions = (
				en,
			);
			mainGroup = 0D0A40EC128F782C00423985;
			productRefGroup = 0D0A40FE128F782D00423985 /* Products */;
			projectDirPath = "";
			projectRoot = "";
			targets = (
				0D0A40FC128F782D00423985 /* www */,
				0D0A4126128F782D00423985 /* wwwTests */,
			);
		};
/* End PBXProject section */

/* Begin PBXResourcesBuildPhase section */
		0D0A40FB128F782D00423985 /* Resources */ = {
			isa = PBXResourcesBuildPhase;
			buildActionMask = 2147483647;
			files = (
				0D0A410C128F782D00423985 /* InfoPlist.strings in Resources */,
				0D6A08BC1292246400C63295 /* FBDialog.bundle in Resources */,
			);
			runOnlyForDeploymentPostprocessing = 0;
		};
		0D0A4124128F782D00423985 /* Resources */ = {
			isa = PBXResourcesBuildPhase;
			buildActionMask = 2147483647;
			files = (
				0D0A412E128F782D00423985 /* InfoPlist.strings in Resources */,
				0D0A4130128F782D00423985 /* wwwTests.h in Resources */,
			);
			runOnlyForDeploymentPostprocessing = 0;
		};
/* End PBXResourcesBuildPhase section */

/* Begin PBXShellScriptBuildPhase section */
		0D0A4125128F782D00423985 /* ShellScript */ = {
			isa = PBXShellScriptBuildPhase;
			buildActionMask = 2147483647;
			files = (
			);
			inputPaths = (
			);
			outputPaths = (
			);
			runOnlyForDeploymentPostprocessing = 0;
			shellPath = /bin/sh;
			shellScript = "# Run the unit tests in this test bundle.\n\"${SYSTEM_DEVELOPER_DIR}/Tools/RunUnitTests\"\n";
		};
/* End PBXShellScriptBuildPhase section */

/* Begin PBXSourcesBuildPhase section */
		0D0A40F9128F782D00423985 /* Sources */ = {
			isa = PBXSourcesBuildPhase;
			buildActionMask = 2147483647;
			files = (
				0D0A410E128F782D00423985 /* www-main.m in Sources */,
				0D0A4111128F782D00423985 /* wwwAppDelegate.m in Sources */,
				0D0A4114128F782D00423985 /* www.xcdatamodel in Sources */,
				0D0A411D128F782D00423985 /* wwwAppDelegate_iPhone.m in Sources */,
				0D0A4120128F782D00423985 /* wwwAppDelegate_iPad.m in Sources */,
				0D0460BE1290650F000A2398 /* RootViewController_iPad.m in Sources */,
				0D0460C112906537000A2398 /* RootViewController_iPhone.m in Sources */,
				0D6A08BD1292246400C63295 /* NSObject+SBJSON.m in Sources */,
				0D6A08BE1292246400C63295 /* NSString+SBJSON.m in Sources */,
				0D6A08BF1292246400C63295 /* SBJSON.m in Sources */,
				0D6A08C01292246400C63295 /* SBJsonBase.m in Sources */,
				0D6A08C11292246400C63295 /* SBJsonParser.m in Sources */,
				0D6A08C21292246400C63295 /* SBJsonWriter.m in Sources */,
				0D6A08C31292246400C63295 /* FBRequest.m in Sources */,
				0D6A08C41292246400C63295 /* Facebook.m in Sources */,
				0D6A08C51292246400C63295 /* FBLoginDialog.m in Sources */,
				0D6A08C61292246400C63295 /* FBDialog.m in Sources */,
			);
			runOnlyForDeploymentPostprocessing = 0;
		};
		0D0A4122128F782D00423985 /* Sources */ = {
			isa = PBXSourcesBuildPhase;
			buildActionMask = 2147483647;
			files = (
				0D0A4132128F782D00423985 /* wwwTests.m in Sources */,
			);
			runOnlyForDeploymentPostprocessing = 0;
		};
/* End PBXSourcesBuildPhase section */

/* Begin PBXVariantGroup section */
		0D0A410A128F782D00423985 /* InfoPlist.strings */ = {
			isa = PBXVariantGroup;
			children = (
				0D0A410B128F782D00423985 /* en */,
			);
			name = InfoPlist.strings;
			sourceTree = "<group>";
		};
/* End PBXVariantGroup section */

/* Begin XCBuildConfiguration section */
		0D0A4133128F782D00423985 /* Debug */ = {
			isa = XCBuildConfiguration;
			buildSettings = {
				ARCHS = "$(ARCHS_STANDARD_32_BIT)";
				"CODE_SIGN_IDENTITY[sdk=iphoneos*]" = "iPhone Developer";
				GCC_C_LANGUAGE_STANDARD = gnu99;
				GCC_OPTIMIZATION_LEVEL = 0;
				GCC_PREPROCESSOR_DEFINITIONS = DEBUG;
				GCC_WARN_ABOUT_RETURN_TYPE = YES;
				GCC_WARN_UNUSED_VARIABLE = YES;
				IPHONEOS_DEPLOYMENT_TARGET = 4.0;
				PREBINDING = NO;
				SDKROOT = iphonesimulator;
				TARGETED_DEVICE_FAMILY = "1,2";
			};
			name = Debug;
		};
		0D0A4134128F782D00423985 /* Release */ = {
			isa = XCBuildConfiguration;
			buildSettings = {
				ARCHS = "$(ARCHS_STANDARD_32_BIT)";
				"CODE_SIGN_IDENTITY[sdk=iphoneos*]" = "iPhone Developer";
				GCC_C_LANGUAGE_STANDARD = gnu99;
				GCC_WARN_ABOUT_RETURN_TYPE = YES;
				GCC_WARN_UNUSED_VARIABLE = YES;
				IPHONEOS_DEPLOYMENT_TARGET = 4.0;
				OTHER_CFLAGS = "-DNS_BLOCK_ASSERTIONS=1";
				PREBINDING = NO;
				SDKROOT = iphonesimulator;
				TARGETED_DEVICE_FAMILY = "1,2";
			};
			name = Release;
		};
		0D0A4135128F782D00423985 /* Debug */ = {
			isa = XCBuildConfiguration;
			buildSettings = {
			};
			name = Debug;
		};
		0D0A4136128F782D00423985 /* Release */ = {
			isa = XCBuildConfiguration;
			buildSettings = {
			};
			name = Release;
		};
		0D0A4138128F782D00423985 /* Debug */ = {
			isa = XCBuildConfiguration;
			buildSettings = {
				ALWAYS_SEARCH_USER_PATHS = NO;
				ARCHS = "$(ARCHS_STANDARD_32_BIT)";
				"CODE_SIGN_IDENTITY[sdk=*]" = "iPhone Developer: Juan Ferrer (LXAV7UKPVE)";
				COPY_PHASE_STRIP = NO;
				GCC_DYNAMIC_NO_PIC = NO;
				GCC_PRECOMPILE_PREFIX_HEADER = YES;
				GCC_PREFIX_HEADER = "www-Prefix.pch";
				INFOPLIST_FILE = "www-Info.plist";
				PRODUCT_NAME = "$(TARGET_NAME)";
				SDKROOT = iphoneos;
				WRAPPER_EXTENSION = app;
			};
			name = Debug;
		};
		0D0A4139128F782D00423985 /* Release */ = {
			isa = XCBuildConfiguration;
			buildSettings = {
				ALWAYS_SEARCH_USER_PATHS = NO;
				ARCHS = "$(ARCHS_STANDARD_32_BIT)";
				"CODE_SIGN_IDENTITY[sdk=iphoneos*]" = "iPhone Developer: Juan Ferrer (LXAV7UKPVE)";
				COPY_PHASE_STRIP = YES;
				GCC_PRECOMPILE_PREFIX_HEADER = YES;
				GCC_PREFIX_HEADER = "www-Prefix.pch";
				INFOPLIST_FILE = "www-Info.plist";
				PRODUCT_NAME = "$(TARGET_NAME)";
				"PROVISIONING_PROFILE[sdk=iphoneos*]" = "A9CCA235-2C66-4622-901C-69D6A5208F27";
				SDKROOT = iphoneos;
				VALIDATE_PRODUCT = YES;
				WRAPPER_EXTENSION = app;
			};
			name = Release;
		};
		0D0A413B128F782D00423985 /* Debug */ = {
			isa = XCBuildConfiguration;
			buildSettings = {
				ALWAYS_SEARCH_USER_PATHS = NO;
				FRAMEWORK_SEARCH_PATHS = (
					"$(SDKROOT)/Developer/Library/Frameworks",
					"$(DEVELOPER_LIBRARY_DIR)/Frameworks",
				);
				GCC_PRECOMPILE_PREFIX_HEADER = YES;
				GCC_PREFIX_HEADER = "wwwTests-Prefix.pch";
				INFOPLIST_FILE = "wwwTests-Info.plist";
				IPHONEOS_DEPLOYMENT_TARGET = 4.2;
				OTHER_LDFLAGS = (
					"-framework",
					SenTestingKit,
				);
				PRODUCT_NAME = "$(TARGET_NAME)";
				WRAPPER_EXTENSION = octest;
			};
			name = Debug;
		};
		0D0A413C128F782D00423985 /* Release */ = {
			isa = XCBuildConfiguration;
			buildSettings = {
				ALWAYS_SEARCH_USER_PATHS = NO;
				FRAMEWORK_SEARCH_PATHS = (
					"$(SDKROOT)/Developer/Library/Frameworks",
					"$(DEVELOPER_LIBRARY_DIR)/Frameworks",
				);
				GCC_PRECOMPILE_PREFIX_HEADER = YES;
				GCC_PREFIX_HEADER = "wwwTests-Prefix.pch";
				INFOPLIST_FILE = "wwwTests-Info.plist";
				IPHONEOS_DEPLOYMENT_TARGET = 4.2;
				OTHER_LDFLAGS = (
					"-framework",
					SenTestingKit,
				);
				PRODUCT_NAME = "$(TARGET_NAME)";
				WRAPPER_EXTENSION = octest;
			};
			name = Release;
		};
		0D0A413D128F782D00423985 /* Debug */ = {
			isa = XCBuildConfiguration;
			buildSettings = {
				COPY_PHASE_STRIP = NO;
				GCC_DYNAMIC_NO_PIC = NO;
				GCC_OPTIMIZATION_LEVEL = 0;
				PRODUCT_NAME = wwwTests;
			};
			name = Debug;
		};
		0D0A413E128F782D00423985 /* Release */ = {
			isa = XCBuildConfiguration;
			buildSettings = {
				COPY_PHASE_STRIP = YES;
				DEBUG_INFORMATION_FORMAT = "dwarf-with-dsym";
				PRODUCT_NAME = wwwTests;
			};
			name = Release;
		};
/* End XCBuildConfiguration section */

/* Begin XCConfigurationList section */
		0D0A40F1128F782C00423985 /* Build configuration list for PBXProject "www" */ = {
			isa = XCConfigurationList;
			buildConfigurations = (
				0D0A4133128F782D00423985 /* Debug */,
				0D0A4134128F782D00423985 /* Release */,
				0D0A4135128F782D00423985 /* Debug */,
				0D0A4136128F782D00423985 /* Release */,
			);
			defaultConfigurationIsVisible = 0;
			defaultConfigurationName = Release;
		};
		0D0A4137128F782D00423985 /* Build configuration list for PBXNativeTarget "www" */ = {
			isa = XCConfigurationList;
			buildConfigurations = (
				0D0A4138128F782D00423985 /* Debug */,
				0D0A4139128F782D00423985 /* Release */,
			);
			defaultConfigurationIsVisible = 0;
			defaultConfigurationName = Release;
		};
		0D0A413A128F782D00423985 /* Build configuration list for PBXNativeTarget "wwwTests" */ = {
			isa = XCConfigurationList;
			buildConfigurations = (
				0D0A413B128F782D00423985 /* Debug */,
				0D0A413C128F782D00423985 /* Release */,
				0D0A413D128F782D00423985 /* Debug */,
				0D0A413E128F782D00423985 /* Release */,
			);
			defaultConfigurationIsVisible = 0;
			defaultConfigurationName = Release;
		};
/* End XCConfigurationList section */
	};
	rootObject = 0D0A40EE128F782C00423985 /* Project object */;
}
